{
  "name": "web",
  "version": "1.0.0",
  "lockfileVersion": 2,
  "requires": true,
  "packages": {
    "": {
      "name": "web",
      "version": "1.0.0",
      "license": "ISC",
      "dependencies": {
        "@fortawesome/fontawesome-free": "^5.15.4",
        "@novnc/novnc": "^1.3.0"
      }
    },
    "node_modules/@fortawesome/fontawesome-free": {
      "version": "5.15.4",
      "resolved": "https://registry.npmjs.org/@fortawesome/fontawesome-free/-/fontawesome-free-5.15.4.tgz",
      "integrity": "sha512-eYm8vijH/hpzr/6/1CJ/V/Eb1xQFW2nnUKArb3z+yUWv7HTwj6M7SP957oMjfZjAHU6qpoNc2wQvIxBLWYa/Jg==",
      "hasInstallScript": true,
      "engines": {
        "node": ">=6"
      }
    },
    "node_modules/@novnc/novnc": {
      "version": "1.3.0",
      "resolved": "https://registry.npmjs.org/@novnc/novnc/-/novnc-1.3.0.tgz",
      "integrity": "sha512-tR87mY5ADtaELadmZfW937JO/p8fRdz3wkPoqwhqB/vY1XnTQeLSWwkp4yMlr4iIDY0iCficfzFYX5EHMh4MHw=="
    }
  },
  "dependencies": {
    "@fortawesome/fontawesome-free": {
      "version": "5.15.4",
      "resolved": "https://registry.npmjs.org/@fortawesome/fontawesome-free/-/fontawesome-free-5.15.4.tgz",
      "integrity": "sha512-eYm8vijH/hpzr/6/1CJ/V/Eb1xQFW2nnUKArb3z+yUWv7HTwj6M7SP957oMjfZjAHU6qpoNc2wQvIxBLWYa/Jg=="
    },
    "@novnc/novnc": {
      "version": "1.3.0",
      "resolved": "https://registry.npmjs.org/@novnc/novnc/-/novnc-1.3.0.tgz",
      "integrity": "sha512-tR87mY5ADtaELadmZfW937JO/p8fRdz3wkPoqwhqB/vY1XnTQeLSWwkp4yMlr4iIDY0iCficfzFYX5EHMh4MHw=="
    }
  }
}
